{
  "originHash" : "5751fcbe53b64441ed73aceb16987d6b3fc3ebc666cb9ec2de1f6a2d441f2515",
  "pins" : [
    {
      "identity" : "sparkle",
      "kind" : "remoteSourceControl",
      "location" : "https://github.com/sparkle-project/Sparkle.git",
      "state" : {
        "revision" : "b456fd404954a9e13f55aa0c88cd5a40b8399638",
        "version" : "2.6.3"
      }
    }
  ],
  "version" : 3
}
