// !$*UTF8*$!
{
	archiveVersion = 1;
	classes = {
	};
	objectVersion = 60;
	objects = {

/* Begin PBXBuildFile section */
		384874062C567542005D23C6 /* ColorPickerButton.swift in Sources */ = {isa = PBXBuildFile; fileRef = 384874052C567431005D23C6 /* ColorPickerButton.swift */; };
		46374A632CFE749300F23EB1 /* SwiftGenerator.swift in Sources */ = {isa = PBXBuildFile; fileRef = 46374A622CFE749100F23EB1 /* SwiftGenerator.swift */; };
		46374A652CFE7EC500F23EB1 /* Color+.swift in Sources */ = {isa = PBXBuildFile; fileRef = 46374A642CFE7EC300F23EB1 /* Color+.swift */; };
		46374A692CFE8A2F00F23EB1 /* SwiftCodeView.swift in Sources */ = {isa = PBXBuildFile; fileRef = 46374A682CFE8A2F00F23EB1 /* SwiftCodeView.swift */; };
		F47F1E1E2C1B518D00050947 /* MeshGradientEditor.swift in Sources */ = {isa = PBXBuildFile; fileRef = F47F1E1D2C1B518A00050947 /* MeshGradientEditor.swift */; };
		F47F1E202C1B601C00050947 /* MeshGradientDefinition.swift in Sources */ = {isa = PBXBuildFile; fileRef = F47F1E1F2C1B601C00050947 /* MeshGradientDefinition.swift */; };
		F47F1E232C1B6D8D00050947 /* MeshGradientDefinitionDocument.swift in Sources */ = {isa = PBXBuildFile; fileRef = F47F1E222C1B6D8B00050947 /* MeshGradientDefinitionDocument.swift */; };
		F47F1E262C1B716500050947 /* DocumentSetupSheet.swift in Sources */ = {isa = PBXBuildFile; fileRef = F47F1E252C1B716200050947 /* DocumentSetupSheet.swift */; };
		F47F1E302C1C80A000050947 /* DecodableDefault.swift in Sources */ = {isa = PBXBuildFile; fileRef = F47F1E2F2C1C80A000050947 /* DecodableDefault.swift */; };
		F47F1E322C1C820600050947 /* DocumentFileContainer.swift in Sources */ = {isa = PBXBuildFile; fileRef = F47F1E312C1C820500050947 /* DocumentFileContainer.swift */; };
		F47F1E992C1CEB3C00050947 /* MeshGradientInspector.swift in Sources */ = {isa = PBXBuildFile; fileRef = F47F1E982C1CEB3700050947 /* MeshGradientInspector.swift */; };
		F4A3254B2C1E3F01008B4597 /* Main.xcconfig in Resources */ = {isa = PBXBuildFile; fileRef = F4A3254A2C1E3EFE008B4597 /* Main.xcconfig */; };
		F4A325532C1E485D008B4597 /* Quartz.framework in Frameworks */ = {isa = PBXBuildFile; fileRef = F4A325522C1E485C008B4597 /* Quartz.framework */; };
		F4A325582C1E485D008B4597 /* MeshPreviewProvider.swift in Sources */ = {isa = PBXBuildFile; fileRef = F4A325572C1E485D008B4597 /* MeshPreviewProvider.swift */; };
		F4A325602C1E485D008B4597 /* MeshQuickLook.appex in Embed Foundation Extensions */ = {isa = PBXBuildFile; fileRef = F4A325502C1E485C008B4597 /* MeshQuickLook.appex */; settings = {ATTRIBUTES = (RemoveHeadersOnCopy, ); }; };
		F4A325652C1E48B8008B4597 /* DocumentFileContainer.swift in Sources */ = {isa = PBXBuildFile; fileRef = F47F1E312C1C820500050947 /* DocumentFileContainer.swift */; };
		F4A325662C1E48B8008B4597 /* MeshGradientDefinitionDocument.swift in Sources */ = {isa = PBXBuildFile; fileRef = F47F1E222C1B6D8B00050947 /* MeshGradientDefinitionDocument.swift */; };
		F4A325672C1E48B8008B4597 /* MeshGradientDefinition.swift in Sources */ = {isa = PBXBuildFile; fileRef = F47F1E1F2C1B601C00050947 /* MeshGradientDefinition.swift */; };
		F4A325692C1E48C6008B4597 /* MeshGradient+.swift in Sources */ = {isa = PBXBuildFile; fileRef = F4A325682C1E48C3008B4597 /* MeshGradient+.swift */; };
		F4A3256A2C1E48D1008B4597 /* MeshGradient+.swift in Sources */ = {isa = PBXBuildFile; fileRef = F4A325682C1E48C3008B4597 /* MeshGradient+.swift */; };
		F4A3256B2C1E49AD008B4597 /* Gradient+Image.swift in Sources */ = {isa = PBXBuildFile; fileRef = F4B0FE872C1E369300BA897C /* Gradient+Image.swift */; };
		F4B0FE802C1DEB4F00BA897C /* ColorDrop.swift in Sources */ = {isa = PBXBuildFile; fileRef = F4B0FE7F2C1DEB4A00BA897C /* ColorDrop.swift */; };
		F4B0FE822C1DFEFD00BA897C /* ImageExporter.swift in Sources */ = {isa = PBXBuildFile; fileRef = F4B0FE812C1DFEFA00BA897C /* ImageExporter.swift */; };
		F4B0FE862C1E358E00BA897C /* NSApp+Document.swift in Sources */ = {isa = PBXBuildFile; fileRef = F4B0FE852C1E358E00BA897C /* NSApp+Document.swift */; };
		F4B0FE882C1E369500BA897C /* Gradient+Image.swift in Sources */ = {isa = PBXBuildFile; fileRef = F4B0FE872C1E369300BA897C /* Gradient+Image.swift */; };
		F4B0FE8C2C1E3D9200BA897C /* Sparkle in Frameworks */ = {isa = PBXBuildFile; productRef = F4B0FE8B2C1E3D9200BA897C /* Sparkle */; };
		F4B0FE8F2C1E3DCB00BA897C /* AppUpdateManager.swift in Sources */ = {isa = PBXBuildFile; fileRef = F4B0FE8E2C1E3DC600BA897C /* AppUpdateManager.swift */; };
		F4E8C7F62C1B4B5900BEF570 /* MeshBuddyApp.swift in Sources */ = {isa = PBXBuildFile; fileRef = F4E8C7F52C1B4B5900BEF570 /* MeshBuddyApp.swift */; };
		F4E8C7F82C1B4B5900BEF570 /* DocumentView.swift in Sources */ = {isa = PBXBuildFile; fileRef = F4E8C7F72C1B4B5900BEF570 /* DocumentView.swift */; };
		F4E8C7FA2C1B4B5A00BEF570 /* Assets.xcassets in Resources */ = {isa = PBXBuildFile; fileRef = F4E8C7F92C1B4B5A00BEF570 /* Assets.xcassets */; };
		F4E8C7FD2C1B4B5A00BEF570 /* Preview Assets.xcassets in Resources */ = {isa = PBXBuildFile; fileRef = F4E8C7FC2C1B4B5A00BEF570 /* Preview Assets.xcassets */; };
/* End PBXBuildFile section */

/* Begin PBXContainerItemProxy section */
		F4A3255E2C1E485D008B4597 /* PBXContainerItemProxy */ = {
			isa = PBXContainerItemProxy;
			containerPortal = F4E8C7EA2C1B4B5900BEF570 /* Project object */;
			proxyType = 1;
			remoteGlobalIDString = F4A3254F2C1E485C008B4597;
			remoteInfo = MeshQuickLook;
		};
/* End PBXContainerItemProxy section */

/* Begin PBXCopyFilesBuildPhase section */
		F4A325642C1E485D008B4597 /* Embed Foundation Extensions */ = {
			isa = PBXCopyFilesBuildPhase;
			buildActionMask = 2147483647;
			dstPath = "";
			dstSubfolderSpec = 13;
			files = (
				F4A325602C1E485D008B4597 /* MeshQuickLook.appex in Embed Foundation Extensions */,
			);
			name = "Embed Foundation Extensions";
			runOnlyForDeploymentPostprocessing = 0;
		};
/* End PBXCopyFilesBuildPhase section */

/* Begin PBXFileReference section */
		384874052C567431005D23C6 /* ColorPickerButton.swift */ = {isa = PBXFileReference; lastKnownFileType = sourcecode.swift; path = ColorPickerButton.swift; sourceTree = "<group>"; };
		46374A622CFE749100F23EB1 /* SwiftGenerator.swift */ = {isa = PBXFileReference; lastKnownFileType = sourcecode.swift; path = SwiftGenerator.swift; sourceTree = "<group>"; };
		46374A642CFE7EC300F23EB1 /* Color+.swift */ = {isa = PBXFileReference; lastKnownFileType = sourcecode.swift; path = "Color+.swift"; sourceTree = "<group>"; };
		46374A682CFE8A2F00F23EB1 /* SwiftCodeView.swift */ = {isa = PBXFileReference; lastKnownFileType = sourcecode.swift; path = SwiftCodeView.swift; sourceTree = "<group>"; };
		F47F1E1D2C1B518A00050947 /* MeshGradientEditor.swift */ = {isa = PBXFileReference; lastKnownFileType = sourcecode.swift; path = MeshGradientEditor.swift; sourceTree = "<group>"; };
		F47F1E1F2C1B601C00050947 /* MeshGradientDefinition.swift */ = {isa = PBXFileReference; lastKnownFileType = sourcecode.swift; path = MeshGradientDefinition.swift; sourceTree = "<group>"; };
		F47F1E222C1B6D8B00050947 /* MeshGradientDefinitionDocument.swift */ = {isa = PBXFileReference; lastKnownFileType = sourcecode.swift; path = MeshGradientDefinitionDocument.swift; sourceTree = "<group>"; };
		F47F1E242C1B6E0400050947 /* Info.plist */ = {isa = PBXFileReference; lastKnownFileType = text.plist; path = Info.plist; sourceTree = "<group>"; };
		F47F1E252C1B716200050947 /* DocumentSetupSheet.swift */ = {isa = PBXFileReference; lastKnownFileType = sourcecode.swift; path = DocumentSetupSheet.swift; sourceTree = "<group>"; };
		F47F1E272C1B785800050947 /* README.md */ = {isa = PBXFileReference; lastKnownFileType = net.daringfireball.markdown; path = README.md; sourceTree = "<group>"; };
		F47F1E2F2C1C80A000050947 /* DecodableDefault.swift */ = {isa = PBXFileReference; lastKnownFileType = sourcecode.swift; path = DecodableDefault.swift; sourceTree = "<group>"; };
		F47F1E312C1C820500050947 /* DocumentFileContainer.swift */ = {isa = PBXFileReference; lastKnownFileType = sourcecode.swift; path = DocumentFileContainer.swift; sourceTree = "<group>"; };
		F47F1E982C1CEB3700050947 /* MeshGradientInspector.swift */ = {isa = PBXFileReference; lastKnownFileType = sourcecode.swift; path = MeshGradientInspector.swift; sourceTree = "<group>"; };
		F4A3254A2C1E3EFE008B4597 /* Main.xcconfig */ = {isa = PBXFileReference; lastKnownFileType = text.xcconfig; path = Main.xcconfig; sourceTree = "<group>"; };
		F4A325502C1E485C008B4597 /* MeshQuickLook.appex */ = {isa = PBXFileReference; explicitFileType = "wrapper.app-extension"; includeInIndex = 0; path = MeshQuickLook.appex; sourceTree = BUILT_PRODUCTS_DIR; };
		F4A325522C1E485C008B4597 /* Quartz.framework */ = {isa = PBXFileReference; lastKnownFileType = wrapper.framework; name = Quartz.framework; path = System/Library/Frameworks/Quartz.framework; sourceTree = SDKROOT; };
		F4A325572C1E485D008B4597 /* MeshPreviewProvider.swift */ = {isa = PBXFileReference; lastKnownFileType = sourcecode.swift; path = MeshPreviewProvider.swift; sourceTree = "<group>"; };
		F4A3255C2C1E485D008B4597 /* Info.plist */ = {isa = PBXFileReference; lastKnownFileType = text.plist.xml; path = Info.plist; sourceTree = "<group>"; };
		F4A3255D2C1E485D008B4597 /* MeshQuickLook.entitlements */ = {isa = PBXFileReference; lastKnownFileType = text.plist.entitlements; path = MeshQuickLook.entitlements; sourceTree = "<group>"; };
		F4A325682C1E48C3008B4597 /* MeshGradient+.swift */ = {isa = PBXFileReference; lastKnownFileType = sourcecode.swift; path = "MeshGradient+.swift"; sourceTree = "<group>"; };
		F4B0FE7F2C1DEB4A00BA897C /* ColorDrop.swift */ = {isa = PBXFileReference; lastKnownFileType = sourcecode.swift; path = ColorDrop.swift; sourceTree = "<group>"; };
		F4B0FE812C1DFEFA00BA897C /* ImageExporter.swift */ = {isa = PBXFileReference; lastKnownFileType = sourcecode.swift; path = ImageExporter.swift; sourceTree = "<group>"; };
		F4B0FE852C1E358E00BA897C /* NSApp+Document.swift */ = {isa = PBXFileReference; lastKnownFileType = sourcecode.swift; path = "NSApp+Document.swift"; sourceTree = "<group>"; };
		F4B0FE872C1E369300BA897C /* Gradient+Image.swift */ = {isa = PBXFileReference; lastKnownFileType = sourcecode.swift; path = "Gradient+Image.swift"; sourceTree = "<group>"; };
		F4B0FE8E2C1E3DC600BA897C /* AppUpdateManager.swift */ = {isa = PBXFileReference; lastKnownFileType = sourcecode.swift; path = AppUpdateManager.swift; sourceTree = "<group>"; };
		F4E8C7F22C1B4B5900BEF570 /* MeshBuddy.app */ = {isa = PBXFileReference; explicitFileType = wrapper.application; includeInIndex = 0; path = MeshBuddy.app; sourceTree = BUILT_PRODUCTS_DIR; };
		F4E8C7F52C1B4B5900BEF570 /* MeshBuddyApp.swift */ = {isa = PBXFileReference; lastKnownFileType = sourcecode.swift; path = MeshBuddyApp.swift; sourceTree = "<group>"; };
		F4E8C7F72C1B4B5900BEF570 /* DocumentView.swift */ = {isa = PBXFileReference; lastKnownFileType = sourcecode.swift; path = DocumentView.swift; sourceTree = "<group>"; };
		F4E8C7F92C1B4B5A00BEF570 /* Assets.xcassets */ = {isa = PBXFileReference; lastKnownFileType = folder.assetcatalog; path = Assets.xcassets; sourceTree = "<group>"; };
		F4E8C7FC2C1B4B5A00BEF570 /* Preview Assets.xcassets */ = {isa = PBXFileReference; lastKnownFileType = folder.assetcatalog; path = "Preview Assets.xcassets"; sourceTree = "<group>"; };
		F4E8C7FE2C1B4B5A00BEF570 /* MeshBuddy.entitlements */ = {isa = PBXFileReference; lastKnownFileType = text.plist.entitlements; path = MeshBuddy.entitlements; sourceTree = "<group>"; };
/* End PBXFileReference section */

/* Begin PBXFrameworksBuildPhase section */
		F4A3254D2C1E485C008B4597 /* Frameworks */ = {
			isa = PBXFrameworksBuildPhase;
			buildActionMask = 2147483647;
			files = (
				F4A325532C1E485D008B4597 /* Quartz.framework in Frameworks */,
			);
			runOnlyForDeploymentPostprocessing = 0;
		};
		F4E8C7EF2C1B4B5900BEF570 /* Frameworks */ = {
			isa = PBXFrameworksBuildPhase;
			buildActionMask = 2147483647;
			files = (
				F4B0FE8C2C1E3D9200BA897C /* Sparkle in Frameworks */,
			);
			runOnlyForDeploymentPostprocessing = 0;
		};
/* End PBXFrameworksBuildPhase section */

/* Begin PBXGroup section */
		F47F1E212C1B6D8500050947 /* Model */ = {
			isa = PBXGroup;
			children = (
				F47F1E312C1C820500050947 /* DocumentFileContainer.swift */,
				F47F1E222C1B6D8B00050947 /* MeshGradientDefinitionDocument.swift */,
				F47F1E1F2C1B601C00050947 /* MeshGradientDefinition.swift */,
			);
			path = Model;
			sourceTree = "<group>";
		};
		F47F1E2E2C1C809600050947 /* Utilities */ = {
			isa = PBXGroup;
			children = (
				46374A642CFE7EC300F23EB1 /* Color+.swift */,
				F4B0FE852C1E358E00BA897C /* NSApp+Document.swift */,
				F47F1E2F2C1C80A000050947 /* DecodableDefault.swift */,
				F4B0FE7F2C1DEB4A00BA897C /* ColorDrop.swift */,
				F4B0FE812C1DFEFA00BA897C /* ImageExporter.swift */,
				F4B0FE872C1E369300BA897C /* Gradient+Image.swift */,
				F4A325682C1E48C3008B4597 /* MeshGradient+.swift */,
				46374A622CFE749100F23EB1 /* SwiftGenerator.swift */,
			);
			path = Utilities;
			sourceTree = "<group>";
		};
		F4A325492C1E3EF7008B4597 /* Config */ = {
			isa = PBXGroup;
			children = (
				F4A3254A2C1E3EFE008B4597 /* Main.xcconfig */,
			);
			path = Config;
			sourceTree = "<group>";
		};
		F4A325512C1E485C008B4597 /* Frameworks */ = {
			isa = PBXGroup;
			children = (
				F4A325522C1E485C008B4597 /* Quartz.framework */,
			);
			name = Frameworks;
			sourceTree = "<group>";
		};
		F4A325542C1E485D008B4597 /* MeshQuickLook */ = {
			isa = PBXGroup;
			children = (
				F4A325572C1E485D008B4597 /* MeshPreviewProvider.swift */,
				F4A3255C2C1E485D008B4597 /* Info.plist */,
				F4A3255D2C1E485D008B4597 /* MeshQuickLook.entitlements */,
			);
			path = MeshQuickLook;
			sourceTree = "<group>";
		};
		F4B0FE8D2C1E3DBF00BA897C /* AppUpdates */ = {
			isa = PBXGroup;
			children = (
				F4B0FE8E2C1E3DC600BA897C /* AppUpdateManager.swift */,
			);
			path = AppUpdates;
			sourceTree = "<group>";
		};
		F4E8C7E92C1B4B5900BEF570 = {
			isa = PBXGroup;
			children = (
				F47F1E272C1B785800050947 /* README.md */,
				F4E8C7F42C1B4B5900BEF570 /* MeshBuddy */,
				F4A325542C1E485D008B4597 /* MeshQuickLook */,
				F4A325512C1E485C008B4597 /* Frameworks */,
				F4E8C7F32C1B4B5900BEF570 /* Products */,
			);
			sourceTree = "<group>";
		};
		F4E8C7F32C1B4B5900BEF570 /* Products */ = {
			isa = PBXGroup;
			children = (
				F4E8C7F22C1B4B5900BEF570 /* MeshBuddy.app */,
				F4A325502C1E485C008B4597 /* MeshQuickLook.appex */,
			);
			name = Products;
			sourceTree = "<group>";
		};
		F4E8C7F42C1B4B5900BEF570 /* MeshBuddy */ = {
			isa = PBXGroup;
			children = (
				F4A325492C1E3EF7008B4597 /* Config */,
				F4B0FE8D2C1E3DBF00BA897C /* AppUpdates */,
				F47F1E2E2C1C809600050947 /* Utilities */,
				F47F1E212C1B6D8500050947 /* Model */,
				F4E8C7F52C1B4B5900BEF570 /* MeshBuddyApp.swift */,
				F4E8C7F72C1B4B5900BEF570 /* DocumentView.swift */,
				F47F1E252C1B716200050947 /* DocumentSetupSheet.swift */,
				F47F1E1D2C1B518A00050947 /* MeshGradientEditor.swift */,
				384874052C567431005D23C6 /* ColorPickerButton.swift */,
				F47F1E982C1CEB3700050947 /* MeshGradientInspector.swift */,
				46374A682CFE8A2F00F23EB1 /* SwiftCodeView.swift */,
				F47F1E242C1B6E0400050947 /* Info.plist */,
				F4E8C7F92C1B4B5A00BEF570 /* Assets.xcassets */,
				F4E8C7FE2C1B4B5A00BEF570 /* MeshBuddy.entitlements */,
				F4E8C7FB2C1B4B5A00BEF570 /* Preview Content */,
			);
			path = MeshBuddy;
			sourceTree = "<group>";
		};
		F4E8C7FB2C1B4B5A00BEF570 /* Preview Content */ = {
			isa = PBXGroup;
			children = (
				F4E8C7FC2C1B4B5A00BEF570 /* Preview Assets.xcassets */,
			);
			path = "Preview Content";
			sourceTree = "<group>";
		};
/* End PBXGroup section */

/* Begin PBXNativeTarget section */
		F4A3254F2C1E485C008B4597 /* MeshQuickLook */ = {
			isa = PBXNativeTarget;
			buildConfigurationList = F4A325612C1E485D008B4597 /* Build configuration list for PBXNativeTarget "MeshQuickLook" */;
			buildPhases = (
				F4A3254C2C1E485C008B4597 /* Sources */,
				F4A3254D2C1E485C008B4597 /* Frameworks */,
				F4A3254E2C1E485C008B4597 /* Resources */,
			);
			buildRules = (
			);
			dependencies = (
			);
			name = MeshQuickLook;
			productName = MeshQuickLook;
			productReference = F4A325502C1E485C008B4597 /* MeshQuickLook.appex */;
			productType = "com.apple.product-type.app-extension";
		};
		F4E8C7F12C1B4B5900BEF570 /* MeshBuddy */ = {
			isa = PBXNativeTarget;
			buildConfigurationList = F4E8C8012C1B4B5A00BEF570 /* Build configuration list for PBXNativeTarget "MeshBuddy" */;
			buildPhases = (
				F4E8C7EE2C1B4B5900BEF570 /* Sources */,
				F4E8C7EF2C1B4B5900BEF570 /* Frameworks */,
				F4E8C7F02C1B4B5900BEF570 /* Resources */,
				F4A325642C1E485D008B4597 /* Embed Foundation Extensions */,
			);
			buildRules = (
			);
			dependencies = (
				F4A3255F2C1E485D008B4597 /* PBXTargetDependency */,
			);
			name = MeshBuddy;
			packageProductDependencies = (
				F4B0FE8B2C1E3D9200BA897C /* Sparkle */,
			);
			productName = MeshBuddy;
			productReference = F4E8C7F22C1B4B5900BEF570 /* MeshBuddy.app */;
			productType = "com.apple.product-type.application";
		};
/* End PBXNativeTarget section */

/* Begin PBXProject section */
		F4E8C7EA2C1B4B5900BEF570 /* Project object */ = {
			isa = PBXProject;
			attributes = {
				BuildIndependentTargetsInParallel = 1;
				LastSwiftUpdateCheck = 1600;
				LastUpgradeCheck = 1600;
				TargetAttributes = {
					F4A3254F2C1E485C008B4597 = {
						CreatedOnToolsVersion = 16.0;
					};
					F4E8C7F12C1B4B5900BEF570 = {
						CreatedOnToolsVersion = 16.0;
					};
				};
			};
			buildConfigurationList = F4E8C7ED2C1B4B5900BEF570 /* Build configuration list for PBXProject "MeshBuddy" */;
			compatibilityVersion = "Xcode 15.0";
			developmentRegion = en;
			hasScannedForEncodings = 0;
			knownRegions = (
				en,
				Base,
			);
			mainGroup = F4E8C7E92C1B4B5900BEF570;
			packageReferences = (
				F4B0FE8A2C1E3D9200BA897C /* XCRemoteSwiftPackageReference "Sparkle" */,
			);
			productRefGroup = F4E8C7F32C1B4B5900BEF570 /* Products */;
			projectDirPath = "";
			projectRoot = "";
			targets = (
				F4E8C7F12C1B4B5900BEF570 /* MeshBuddy */,
				F4A3254F2C1E485C008B4597 /* MeshQuickLook */,
			);
		};
/* End PBXProject section */

/* Begin PBXResourcesBuildPhase section */
		F4A3254E2C1E485C008B4597 /* Resources */ = {
			isa = PBXResourcesBuildPhase;
			buildActionMask = 2147483647;
			files = (
			);
			runOnlyForDeploymentPostprocessing = 0;
		};
		F4E8C7F02C1B4B5900BEF570 /* Resources */ = {
			isa = PBXResourcesBuildPhase;
			buildActionMask = 2147483647;
			files = (
				F4E8C7FD2C1B4B5A00BEF570 /* Preview Assets.xcassets in Resources */,
				F4A3254B2C1E3F01008B4597 /* Main.xcconfig in Resources */,
				F4E8C7FA2C1B4B5A00BEF570 /* Assets.xcassets in Resources */,
			);
			runOnlyForDeploymentPostprocessing = 0;
		};
/* End PBXResourcesBuildPhase section */

/* Begin PBXSourcesBuildPhase section */
		F4A3254C2C1E485C008B4597 /* Sources */ = {
			isa = PBXSourcesBuildPhase;
			buildActionMask = 2147483647;
			files = (
				F4A3256B2C1E49AD008B4597 /* Gradient+Image.swift in Sources */,
				F4A3256A2C1E48D1008B4597 /* MeshGradient+.swift in Sources */,
				F4A325652C1E48B8008B4597 /* DocumentFileContainer.swift in Sources */,
				F4A325662C1E48B8008B4597 /* MeshGradientDefinitionDocument.swift in Sources */,
				F4A325672C1E48B8008B4597 /* MeshGradientDefinition.swift in Sources */,
				F4A325582C1E485D008B4597 /* MeshPreviewProvider.swift in Sources */,
			);
			runOnlyForDeploymentPostprocessing = 0;
		};
		F4E8C7EE2C1B4B5900BEF570 /* Sources */ = {
			isa = PBXSourcesBuildPhase;
			buildActionMask = 2147483647;
			files = (
				F47F1E322C1C820600050947 /* DocumentFileContainer.swift in Sources */,
				46374A652CFE7EC500F23EB1 /* Color+.swift in Sources */,
				F47F1E1E2C1B518D00050947 /* MeshGradientEditor.swift in Sources */,
				F4B0FE802C1DEB4F00BA897C /* ColorDrop.swift in Sources */,
				F4E8C7F82C1B4B5900BEF570 /* DocumentView.swift in Sources */,
				F4B0FE8F2C1E3DCB00BA897C /* AppUpdateManager.swift in Sources */,
				46374A692CFE8A2F00F23EB1 /* SwiftCodeView.swift in Sources */,
				F4B0FE822C1DFEFD00BA897C /* ImageExporter.swift in Sources */,
				F4E8C7F62C1B4B5900BEF570 /* MeshBuddyApp.swift in Sources */,
				F47F1E302C1C80A000050947 /* DecodableDefault.swift in Sources */,
				F47F1E992C1CEB3C00050947 /* MeshGradientInspector.swift in Sources */,
				F47F1E232C1B6D8D00050947 /* MeshGradientDefinitionDocument.swift in Sources */,
				F4A325692C1E48C6008B4597 /* MeshGradient+.swift in Sources */,
				384874062C567542005D23C6 /* ColorPickerButton.swift in Sources */,
				F4B0FE862C1E358E00BA897C /* NSApp+Document.swift in Sources */,
				F47F1E262C1B716500050947 /* DocumentSetupSheet.swift in Sources */,
				F47F1E202C1B601C00050947 /* MeshGradientDefinition.swift in Sources */,
				F4B0FE882C1E369500BA897C /* Gradient+Image.swift in Sources */,
				46374A632CFE749300F23EB1 /* SwiftGenerator.swift in Sources */,
			);
			runOnlyForDeploymentPostprocessing = 0;
		};
/* End PBXSourcesBuildPhase section */

/* Begin PBXTargetDependency section */
		F4A3255F2C1E485D008B4597 /* PBXTargetDependency */ = {
			isa = PBXTargetDependency;
			target = F4A3254F2C1E485C008B4597 /* MeshQuickLook */;
			targetProxy = F4A3255E2C1E485D008B4597 /* PBXContainerItemProxy */;
		};
/* End PBXTargetDependency section */

/* Begin XCBuildConfiguration section */
		F4A325622C1E485D008B4597 /* Debug */ = {
			isa = XCBuildConfiguration;
			buildSettings = {
				CODE_SIGN_ENTITLEMENTS = MeshQuickLook/MeshQuickLook.entitlements;
				CODE_SIGN_STYLE = Automatic;
				DEVELOPMENT_TEAM = 8C7439RJLG;
				ENABLE_HARDENED_RUNTIME = YES;
				GENERATE_INFOPLIST_FILE = YES;
				INFOPLIST_FILE = MeshQuickLook/Info.plist;
				INFOPLIST_KEY_CFBundleDisplayName = MeshQuickLook;
				INFOPLIST_KEY_NSHumanReadableCopyright = "";
				LD_RUNPATH_SEARCH_PATHS = (
					"$(inherited)",
					"@executable_path/../Frameworks",
					"@executable_path/../../../../Frameworks",
				);
				PRODUCT_BUNDLE_IDENTIFIER = codes.rambo.MeshBuddy.MeshQuickLook;
				PRODUCT_NAME = "$(TARGET_NAME)";
				SKIP_INSTALL = YES;
				SWIFT_EMIT_LOC_STRINGS = YES;
				SWIFT_VERSION = 5.0;
			};
			name = Debug;
		};
		F4A325632C1E485D008B4597 /* Release */ = {
			isa = XCBuildConfiguration;
			buildSettings = {
				CODE_SIGN_ENTITLEMENTS = MeshQuickLook/MeshQuickLook.entitlements;
				CODE_SIGN_STYLE = Automatic;
				DEVELOPMENT_TEAM = 8C7439RJLG;
				ENABLE_HARDENED_RUNTIME = YES;
				GENERATE_INFOPLIST_FILE = YES;
				INFOPLIST_FILE = MeshQuickLook/Info.plist;
				INFOPLIST_KEY_CFBundleDisplayName = MeshQuickLook;
				INFOPLIST_KEY_NSHumanReadableCopyright = "";
				LD_RUNPATH_SEARCH_PATHS = (
					"$(inherited)",
					"@executable_path/../Frameworks",
					"@executable_path/../../../../Frameworks",
				);
				PRODUCT_BUNDLE_IDENTIFIER = codes.rambo.MeshBuddy.MeshQuickLook;
				PRODUCT_NAME = "$(TARGET_NAME)";
				SKIP_INSTALL = YES;
				SWIFT_EMIT_LOC_STRINGS = YES;
				SWIFT_VERSION = 5.0;
			};
			name = Release;
		};
		F4E8C7FF2C1B4B5A00BEF570 /* Debug */ = {
			isa = XCBuildConfiguration;
			baseConfigurationReference = F4A3254A2C1E3EFE008B4597 /* Main.xcconfig */;
			buildSettings = {
				ALWAYS_SEARCH_USER_PATHS = NO;
				ASSETCATALOG_COMPILER_GENERATE_SWIFT_ASSET_SYMBOL_EXTENSIONS = YES;
				CLANG_ANALYZER_NONNULL = YES;
				CLANG_ANALYZER_NUMBER_OBJECT_CONVERSION = YES_AGGRESSIVE;
				CLANG_CXX_LANGUAGE_STANDARD = "gnu++20";
				CLANG_ENABLE_MODULES = YES;
				CLANG_ENABLE_OBJC_ARC = YES;
				CLANG_ENABLE_OBJC_WEAK = YES;
				CLANG_WARN_BLOCK_CAPTURE_AUTORELEASING = YES;
				CLANG_WARN_BOOL_CONVERSION = YES;
				CLANG_WARN_COMMA = YES;
				CLANG_WARN_CONSTANT_CONVERSION = YES;
				CLANG_WARN_DEPRECATED_OBJC_IMPLEMENTATIONS = YES;
				CLANG_WARN_DIRECT_OBJC_ISA_USAGE = YES_ERROR;
				CLANG_WARN_DOCUMENTATION_COMMENTS = YES;
				CLANG_WARN_EMPTY_BODY = YES;
				CLANG_WARN_ENUM_CONVERSION = YES;
				CLANG_WARN_INFINITE_RECURSION = YES;
				CLANG_WARN_INT_CONVERSION = YES;
				CLANG_WARN_NON_LITERAL_NULL_CONVERSION = YES;
				CLANG_WARN_OBJC_IMPLICIT_RETAIN_SELF = YES;
				CLANG_WARN_OBJC_LITERAL_CONVERSION = YES;
				CLANG_WARN_OBJC_ROOT_CLASS = YES_ERROR;
				CLANG_WARN_QUOTED_INCLUDE_IN_FRAMEWORK_HEADER = YES;
				CLANG_WARN_RANGE_LOOP_ANALYSIS = YES;
				CLANG_WARN_STRICT_PROTOTYPES = YES;
				CLANG_WARN_SUSPICIOUS_MOVE = YES;
				CLANG_WARN_UNGUARDED_AVAILABILITY = YES_AGGRESSIVE;
				CLANG_WARN_UNREACHABLE_CODE = YES;
				CLANG_WARN__DUPLICATE_METHOD_MATCH = YES;
				COPY_PHASE_STRIP = NO;
				DEBUG_INFORMATION_FORMAT = dwarf;
				ENABLE_STRICT_OBJC_MSGSEND = YES;
				ENABLE_TESTABILITY = YES;
				ENABLE_USER_SCRIPT_SANDBOXING = YES;
				GCC_C_LANGUAGE_STANDARD = gnu17;
				GCC_DYNAMIC_NO_PIC = NO;
				GCC_NO_COMMON_BLOCKS = YES;
				GCC_OPTIMIZATION_LEVEL = 0;
				GCC_PREPROCESSOR_DEFINITIONS = (
					"DEBUG=1",
					"$(inherited)",
				);
				GCC_WARN_64_TO_32_BIT_CONVERSION = YES;
				GCC_WARN_ABOUT_RETURN_TYPE = YES_ERROR;
				GCC_WARN_UNDECLARED_SELECTOR = YES;
				GCC_WARN_UNINITIALIZED_AUTOS = YES_AGGRESSIVE;
				GCC_WARN_UNUSED_FUNCTION = YES;
				GCC_WARN_UNUSED_VARIABLE = YES;
				LOCALIZATION_PREFERS_STRING_CATALOGS = YES;
				MTL_ENABLE_DEBUG_INFO = INCLUDE_SOURCE;
				MTL_FAST_MATH = YES;
				ONLY_ACTIVE_ARCH = YES;
				SDKROOT = macosx;
				SWIFT_ACTIVE_COMPILATION_CONDITIONS = "DEBUG $(inherited)";
				SWIFT_OPTIMIZATION_LEVEL = "-Onone";
				SWIFT_STRICT_CONCURRENCY = complete;
				SWIFT_UPCOMING_FEATURE_EXISTENTIAL_ANY = YES;
				SWIFT_UPCOMING_FEATURE_GLOBAL_CONCURRENCY = YES;
				SWIFT_UPCOMING_FEATURE_INFER_SENDABLE_FROM_CAPTURES = YES;
				SWIFT_UPCOMING_FEATURE_ISOLATED_DEFAULT_VALUES = YES;
				SWIFT_UPCOMING_FEATURE_REGION_BASED_ISOLATION = YES;
			};
			name = Debug;
		};
		F4E8C8002C1B4B5A00BEF570 /* Release */ = {
			isa = XCBuildConfiguration;
			baseConfigurationReference = F4A3254A2C1E3EFE008B4597 /* Main.xcconfig */;
			buildSettings = {
				ALWAYS_SEARCH_USER_PATHS = NO;
				ASSETCATALOG_COMPILER_GENERATE_SWIFT_ASSET_SYMBOL_EXTENSIONS = YES;
				CLANG_ANALYZER_NONNULL = YES;
				CLANG_ANALYZER_NUMBER_OBJECT_CONVERSION = YES_AGGRESSIVE;
				CLANG_CXX_LANGUAGE_STANDARD = "gnu++20";
				CLANG_ENABLE_MODULES = YES;
				CLANG_ENABLE_OBJC_ARC = YES;
				CLANG_ENABLE_OBJC_WEAK = YES;
				CLANG_WARN_BLOCK_CAPTURE_AUTORELEASING = YES;
				CLANG_WARN_BOOL_CONVERSION = YES;
				CLANG_WARN_COMMA = YES;
				CLANG_WARN_CONSTANT_CONVERSION = YES;
				CLANG_WARN_DEPRECATED_OBJC_IMPLEMENTATIONS = YES;
				CLANG_WARN_DIRECT_OBJC_ISA_USAGE = YES_ERROR;
				CLANG_WARN_DOCUMENTATION_COMMENTS = YES;
				CLANG_WARN_EMPTY_BODY = YES;
				CLANG_WARN_ENUM_CONVERSION = YES;
				CLANG_WARN_INFINITE_RECURSION = YES;
				CLANG_WARN_INT_CONVERSION = YES;
				CLANG_WARN_NON_LITERAL_NULL_CONVERSION = YES;
				CLANG_WARN_OBJC_IMPLICIT_RETAIN_SELF = YES;
				CLANG_WARN_OBJC_LITERAL_CONVERSION = YES;
				CLANG_WARN_OBJC_ROOT_CLASS = YES_ERROR;
				CLANG_WARN_QUOTED_INCLUDE_IN_FRAMEWORK_HEADER = YES;
				CLANG_WARN_RANGE_LOOP_ANALYSIS = YES;
				CLANG_WARN_STRICT_PROTOTYPES = YES;
				CLANG_WARN_SUSPICIOUS_MOVE = YES;
				CLANG_WARN_UNGUARDED_AVAILABILITY = YES_AGGRESSIVE;
				CLANG_WARN_UNREACHABLE_CODE = YES;
				CLANG_WARN__DUPLICATE_METHOD_MATCH = YES;
				COPY_PHASE_STRIP = NO;
				DEBUG_INFORMATION_FORMAT = "dwarf-with-dsym";
				ENABLE_NS_ASSERTIONS = NO;
				ENABLE_STRICT_OBJC_MSGSEND = YES;
				ENABLE_USER_SCRIPT_SANDBOXING = YES;
				GCC_C_LANGUAGE_STANDARD = gnu17;
				GCC_NO_COMMON_BLOCKS = YES;
				GCC_WARN_64_TO_32_BIT_CONVERSION = YES;
				GCC_WARN_ABOUT_RETURN_TYPE = YES_ERROR;
				GCC_WARN_UNDECLARED_SELECTOR = YES;
				GCC_WARN_UNINITIALIZED_AUTOS = YES_AGGRESSIVE;
				GCC_WARN_UNUSED_FUNCTION = YES;
				GCC_WARN_UNUSED_VARIABLE = YES;
				LOCALIZATION_PREFERS_STRING_CATALOGS = YES;
				MTL_ENABLE_DEBUG_INFO = NO;
				MTL_FAST_MATH = YES;
				SDKROOT = macosx;
				SWIFT_COMPILATION_MODE = wholemodule;
				SWIFT_STRICT_CONCURRENCY = complete;
				SWIFT_UPCOMING_FEATURE_EXISTENTIAL_ANY = YES;
				SWIFT_UPCOMING_FEATURE_GLOBAL_CONCURRENCY = YES;
				SWIFT_UPCOMING_FEATURE_INFER_SENDABLE_FROM_CAPTURES = YES;
				SWIFT_UPCOMING_FEATURE_ISOLATED_DEFAULT_VALUES = YES;
				SWIFT_UPCOMING_FEATURE_REGION_BASED_ISOLATION = YES;
			};
			name = Release;
		};
		F4E8C8022C1B4B5A00BEF570 /* Debug */ = {
			isa = XCBuildConfiguration;
			buildSettings = {
				ASSETCATALOG_COMPILER_APPICON_NAME = AppIcon;
				ASSETCATALOG_COMPILER_GLOBAL_ACCENT_COLOR_NAME = AccentColor;
				CODE_SIGN_ENTITLEMENTS = MeshBuddy/MeshBuddy.entitlements;
				CODE_SIGN_STYLE = Automatic;
				COMBINE_HIDPI_IMAGES = YES;
				DEVELOPMENT_ASSET_PATHS = "\"MeshBuddy/Preview Content\"";
				DEVELOPMENT_TEAM = 8C7439RJLG;
				ENABLE_HARDENED_RUNTIME = YES;
				ENABLE_PREVIEWS = YES;
				GENERATE_INFOPLIST_FILE = YES;
				INFOPLIST_FILE = MeshBuddy/Info.plist;
				INFOPLIST_KEY_LSApplicationCategoryType = "public.app-category.developer-tools";
				INFOPLIST_KEY_NSHumanReadableCopyright = "";
				LD_RUNPATH_SEARCH_PATHS = (
					"$(inherited)",
					"@executable_path/../Frameworks",
				);
				PRODUCT_BUNDLE_IDENTIFIER = "$(VB_BUNDLE_ID_PREFIX)codes.rambo.MeshBuddy";
				PRODUCT_NAME = "$(TARGET_NAME)";
				SWIFT_EMIT_LOC_STRINGS = YES;
				SWIFT_VERSION = 5.0;
			};
			name = Debug;
		};
		F4E8C8032C1B4B5A00BEF570 /* Release */ = {
			isa = XCBuildConfiguration;
			buildSettings = {
				ASSETCATALOG_COMPILER_APPICON_NAME = AppIcon;
				ASSETCATALOG_COMPILER_GLOBAL_ACCENT_COLOR_NAME = AccentColor;
				CODE_SIGN_ENTITLEMENTS = MeshBuddy/MeshBuddy.entitlements;
				CODE_SIGN_STYLE = Automatic;
				COMBINE_HIDPI_IMAGES = YES;
				DEVELOPMENT_ASSET_PATHS = "\"MeshBuddy/Preview Content\"";
				DEVELOPMENT_TEAM = 8C7439RJLG;
				ENABLE_HARDENED_RUNTIME = YES;
				ENABLE_PREVIEWS = YES;
				GENERATE_INFOPLIST_FILE = YES;
				INFOPLIST_FILE = MeshBuddy/Info.plist;
				INFOPLIST_KEY_LSApplicationCategoryType = "public.app-category.developer-tools";
				INFOPLIST_KEY_NSHumanReadableCopyright = "";
				LD_RUNPATH_SEARCH_PATHS = (
					"$(inherited)",
					"@executable_path/../Frameworks",
				);
				PRODUCT_BUNDLE_IDENTIFIER = "$(VB_BUNDLE_ID_PREFIX)codes.rambo.MeshBuddy";
				PRODUCT_NAME = "$(TARGET_NAME)";
				SWIFT_EMIT_LOC_STRINGS = YES;
				SWIFT_VERSION = 5.0;
			};
			name = Release;
		};
/* End XCBuildConfiguration section */

/* Begin XCConfigurationList section */
		F4A325612C1E485D008B4597 /* Build configuration list for PBXNativeTarget "MeshQuickLook" */ = {
			isa = XCConfigurationList;
			buildConfigurations = (
				F4A325622C1E485D008B4597 /* Debug */,
				F4A325632C1E485D008B4597 /* Release */,
			);
			defaultConfigurationIsVisible = 0;
			defaultConfigurationName = Release;
		};
		F4E8C7ED2C1B4B5900BEF570 /* Build configuration list for PBXProject "MeshBuddy" */ = {
			isa = XCConfigurationList;
			buildConfigurations = (
				F4E8C7FF2C1B4B5A00BEF570 /* Debug */,
				F4E8C8002C1B4B5A00BEF570 /* Release */,
			);
			defaultConfigurationIsVisible = 0;
			defaultConfigurationName = Release;
		};
		F4E8C8012C1B4B5A00BEF570 /* Build configuration list for PBXNativeTarget "MeshBuddy" */ = {
			isa = XCConfigurationList;
			buildConfigurations = (
				F4E8C8022C1B4B5A00BEF570 /* Debug */,
				F4E8C8032C1B4B5A00BEF570 /* Release */,
			);
			defaultConfigurationIsVisible = 0;
			defaultConfigurationName = Release;
		};
/* End XCConfigurationList section */

/* Begin XCRemoteSwiftPackageReference section */
		F4B0FE8A2C1E3D9200BA897C /* XCRemoteSwiftPackageReference "Sparkle" */ = {
			isa = XCRemoteSwiftPackageReference;
			repositoryURL = "https://github.com/sparkle-project/Sparkle.git";
			requirement = {
				kind = upToNextMajorVersion;
				minimumVersion = 2.6.3;
			};
		};
/* End XCRemoteSwiftPackageReference section */

/* Begin XCSwiftPackageProductDependency section */
		F4B0FE8B2C1E3D9200BA897C /* Sparkle */ = {
			isa = XCSwiftPackageProductDependency;
			package = F4B0FE8A2C1E3D9200BA897C /* XCRemoteSwiftPackageReference "Sparkle" */;
			productName = Sparkle;
		};
/* End XCSwiftPackageProductDependency section */
	};
	rootObject = F4E8C7EA2C1B4B5900BEF570 /* Project object */;
}
